{
  "object": {
    "pins": [
      {
        "package": "SwiftWhisper",
        "repositoryURL": "https://github.com/exPHAT/SwiftWhisper.git",
        "state": {
          "branch": null,
          "revision": "deb1cb6a27256c7b01f5d3d2e7dc1dcc330b5d01",
          "version": null
        }
      }
    ]
  },
  "version": 1
}
